# This file was autogenerated by Stack.
# You should not edit this file by hand.
# For more information, please see the documentation at:
#   https://docs.haskellstack.org/en/stable/lock_files

packages:
- completed:
    hackage: hakyll-4.9.8.0@sha256:a3f8269142e23c69829a796fc722bd3fca1fdb0004f347277777e21558523708,9285
    pantry-tree:
      size: 7422
      sha256: 0c6200e59be917e1c235f616509ac23da7352576f62c2f9e84572f9c160ab1ae
  original:
    hackage: hakyll-4.9.8.0
snapshots:
- completed:
    size: 537868
    url: https://raw.githubusercontent.com/commercialhaskell/stackage-snapshots/master/lts/9/21.yaml
    sha256: 0a3be91c2bce851de4755003cfb1d85d62b6f90276231fcc305729c0c5c864a9
  original: lts-9.21
