# This file was autogenerated by Stack.
# You should not edit this file by hand.
# For more information, please see the documentation at:
#   https://docs.haskellstack.org/en/stable/topics/lock_files

packages:
- completed:
    hackage: hakyll-4.16.4.0@sha256:4368e2e2c16fdc60e252a6642fe4f5e80d8d3fb1beefcd415e8f840d561049b8,9850
    pantry-tree:
      sha256: e158b1b06f9919b5d441e71d5149892d05c981967cb70cab452926c1c902d7db
      size: 9412
  original:
    hackage: hakyll-4.16.4.0
snapshots:
- completed:
    sha256: 90719ee9e630cf0535cc349cb35e007cec11db9462d598be78cf8ecbabd12c6c
    size: 679061
    url: https://raw.githubusercontent.com/commercialhaskell/stackage-snapshots/master/lts/23/2.yaml
  original: lts-23.2
